
Microsoft Visual Studio Solution File, Format Version 12.00
# Visual Studio Version 17
VisualStudioVersion = 17.6.33815.320
MinimumVisualStudioVersion = 10.0.40219.1
Project("{9A19103F-16F7-4668-BE54-9A1E7A4F7556}") = "LibraryProject.Data", "LibraryProjectData\LibraryProject.Data.csproj", "{4B38865F-647E-454D-8BE1-3863A51B1D1D}"
EndProject
Project("{9A19103F-16F7-4668-BE54-9A1E7A4F7556}") = "LibraryProject.Models", "LibraryProject.Model\LibraryProject.Models.csproj", "{435F0DBF-2B30-40E2-870F-32C7CD3E7BD1}"
EndProject
Project("{FAE04EC0-301F-11D3-BF4B-00C04F79EFBC}") = "WpfApp1", "WpfApp1\WpfApp1.csproj", "{E2430ABA-2109-4E95-9430-FCA2CAA99CBE}"
EndProject
Global
	GlobalSection(SolutionConfigurationPlatforms) = preSolution
		Debug|Any CPU = Debug|Any CPU
		Release|Any CPU = Release|Any CPU
	EndGlobalSection
	GlobalSection(ProjectConfigurationPlatforms) = postSolution
		{4B38865F-647E-454D-8BE1-3863A51B1D1D}.Debug|Any CPU.ActiveCfg = Debug|Any CPU
		{4B38865F-647E-454D-8BE1-3863A51B1D1D}.Debug|Any CPU.Build.0 = Debug|Any CPU
		{4B38865F-647E-454D-8BE1-3863A51B1D1D}.Release|Any CPU.ActiveCfg = Release|Any CPU
		{4B38865F-647E-454D-8BE1-3863A51B1D1D}.Release|Any CPU.Build.0 = Release|Any CPU
		{435F0DBF-2B30-40E2-870F-32C7CD3E7BD1}.Debug|Any CPU.ActiveCfg = Debug|Any CPU
		{435F0DBF-2B30-40E2-870F-32C7CD3E7BD1}.Debug|Any CPU.Build.0 = Debug|Any CPU
		{435F0DBF-2B30-40E2-870F-32C7CD3E7BD1}.Release|Any CPU.ActiveCfg = Release|Any CPU
		{435F0DBF-2B30-40E2-870F-32C7CD3E7BD1}.Release|Any CPU.Build.0 = Release|Any CPU
		{E2430ABA-2109-4E95-9430-FCA2CAA99CBE}.Debug|Any CPU.ActiveCfg = Debug|Any CPU
		{E2430ABA-2109-4E95-9430-FCA2CAA99CBE}.Debug|Any CPU.Build.0 = Debug|Any CPU
		{E2430ABA-2109-4E95-9430-FCA2CAA99CBE}.Release|Any CPU.ActiveCfg = Release|Any CPU
		{E2430ABA-2109-4E95-9430-FCA2CAA99CBE}.Release|Any CPU.Build.0 = Release|Any CPU
	EndGlobalSection
	GlobalSection(SolutionProperties) = preSolution
		HideSolutionNode = FALSE
	EndGlobalSection
	GlobalSection(ExtensibilityGlobals) = postSolution
		SolutionGuid = {474EAB67-B342-4CA0-9C68-8A3F2909D4C5}
	EndGlobalSection
EndGlobal
